
Microsoft Visual Studio Solution File, Format Version 12.00
# Visual Studio Version 16
VisualStudioVersion = 16.0.30011.22
MinimumVisualStudioVersion = 10.0.40219.1
Project("{9A19103F-16F7-4668-BE54-9A1E7A4F7556}") = "Challenges", "Challenges\Challenges.csproj", "{73E215BA-59F7-45A8-8551-C3D87DB5B965}"
EndProject
Project("{FAE04EC0-301F-11D3-BF4B-00C04F79EFBC}") = "Challenges.Test", "Challenges.Test\Challenges.Test.csproj", "{BF49A0E3-040D-4691-A283-D033F5DF0474}"
EndProject
Global
	GlobalSection(SolutionConfigurationPlatforms) = preSolution
		Debug|Any CPU = Debug|Any CPU
		Release|Any CPU = Release|Any CPU
	EndGlobalSection
	GlobalSection(ProjectConfigurationPlatforms) = postSolution
		{73E215BA-59F7-45A8-8551-C3D87DB5B965}.Debug|Any CPU.ActiveCfg = Debug|Any CPU
		{73E215BA-59F7-45A8-8551-C3D87DB5B965}.Debug|Any CPU.Build.0 = Debug|Any CPU
		{73E215BA-59F7-45A8-8551-C3D87DB5B965}.Release|Any CPU.ActiveCfg = Release|Any CPU
		{73E215BA-59F7-45A8-8551-C3D87DB5B965}.Release|Any CPU.Build.0 = Release|Any CPU
		{BF49A0E3-040D-4691-A283-D033F5DF0474}.Debug|Any CPU.ActiveCfg = Debug|Any CPU
		{BF49A0E3-040D-4691-A283-D033F5DF0474}.Debug|Any CPU.Build.0 = Debug|Any CPU
		{BF49A0E3-040D-4691-A283-D033F5DF0474}.Release|Any CPU.ActiveCfg = Release|Any CPU
		{BF49A0E3-040D-4691-A283-D033F5DF0474}.Release|Any CPU.Build.0 = Release|Any CPU
	EndGlobalSection
	GlobalSection(SolutionProperties) = preSolution
		HideSolutionNode = FALSE
	EndGlobalSection
	GlobalSection(ExtensibilityGlobals) = postSolution
		SolutionGuid = {D66FC860-018D-4B11-BCBF-5EA0F56A8BD2}
	EndGlobalSection
EndGlobal
